# This file was autogenerated by Stack.
# You should not edit this file by hand.
# For more information, please see the documentation at:
#   https://docs.haskellstack.org/en/stable/lock_files

packages:
- completed:
    hackage: table-layout-0.8.0.5@sha256:28d671445448874a5e6a7d28c2072f443bb189d655f6e0f6aae5eb5df646d41a,5693
    pantry-tree:
      size: 1493
      sha256: 8e5f83fbecb300beb3288d8c451302ed937f78e96d6d5e5d5916dd90bb2e8ec1
  original:
    hackage: table-layout-0.8.0.5
- completed:
    hackage: data-default-instances-base-0.1.0.1@sha256:985a13d7103e45a65f06f277b735ef025636014f0d29dd6de998bc7628e09be9,509
    pantry-tree:
      size: 242
      sha256: 92969ddf22c5f54123fb2bcfbe5917b59a7e6382473b0306bcd8fb7990d9aa1a
  original:
    hackage: data-default-instances-base-0.1.0.1
snapshots:
- completed:
    size: 524996
    url: https://raw.githubusercontent.com/commercialhaskell/stackage-snapshots/master/lts/14/27.yaml
    sha256: 7ea31a280c56bf36ff591a7397cc384d0dff622e7f9e4225b47d8980f019a0f0
  original: lts-14.27
